
Microsoft Visual Studio Solution File, Format Version 12.00
# Visual Studio Version 16
VisualStudioVersion = 16.0.31515.178
MinimumVisualStudioVersion = 10.0.40219.1
Project("{FAE04EC0-301F-11D3-BF4B-00C04F79EFBC}") = "HandsonArrays", "HandsonArrays\HandsonArrays.csproj", "{AB5310E1-9351-4F87-881B-5172C285DB12}"
EndProject
Global
	GlobalSection(SolutionConfigurationPlatforms) = preSolution
		Debug|Any CPU = Debug|Any CPU
		Release|Any CPU = Release|Any CPU
	EndGlobalSection
	GlobalSection(ProjectConfigurationPlatforms) = postSolution
		{AB5310E1-9351-4F87-881B-5172C285DB12}.Debug|Any CPU.ActiveCfg = Debug|Any CPU
		{AB5310E1-9351-4F87-881B-5172C285DB12}.Debug|Any CPU.Build.0 = Debug|Any CPU
		{AB5310E1-9351-4F87-881B-5172C285DB12}.Release|Any CPU.ActiveCfg = Release|Any CPU
		{AB5310E1-9351-4F87-881B-5172C285DB12}.Release|Any CPU.Build.0 = Release|Any CPU
	EndGlobalSection
	GlobalSection(SolutionProperties) = preSolution
		HideSolutionNode = FALSE
	EndGlobalSection
	GlobalSection(ExtensibilityGlobals) = postSolution
		SolutionGuid = {FAFC12A2-6F64-4A67-830A-26645AAC21B3}
	EndGlobalSection
EndGlobal
